
Microsoft Visual Studio Solution File, Format Version 12.00
# Visual Studio Version 17
VisualStudioVersion = 17.4.33403.182
MinimumVisualStudioVersion = 10.0.40219.1
Project("{FAE04EC0-301F-11D3-BF4B-00C04F79EFBC}") = "VFDACHA-BACK", "VFDACHA-BACK\VFDACHA-BACK.csproj", "{1C0EA9BA-1A84-47A3-92B8-651836DEAB51}"
EndProject
Global
	GlobalSection(SolutionConfigurationPlatforms) = preSolution
		Debug|Any CPU = Debug|Any CPU
		Release|Any CPU = Release|Any CPU
	EndGlobalSection
	GlobalSection(ProjectConfigurationPlatforms) = postSolution
		{1C0EA9BA-1A84-47A3-92B8-651836DEAB51}.Debug|Any CPU.ActiveCfg = Debug|Any CPU
		{1C0EA9BA-1A84-47A3-92B8-651836DEAB51}.Debug|Any CPU.Build.0 = Debug|Any CPU
		{1C0EA9BA-1A84-47A3-92B8-651836DEAB51}.Release|Any CPU.ActiveCfg = Release|Any CPU
		{1C0EA9BA-1A84-47A3-92B8-651836DEAB51}.Release|Any CPU.Build.0 = Release|Any CPU
	EndGlobalSection
	GlobalSection(SolutionProperties) = preSolution
		HideSolutionNode = FALSE
	EndGlobalSection
	GlobalSection(ExtensibilityGlobals) = postSolution
		SolutionGuid = {9CC162FF-6BBE-4EB3-985E-C4C38D78BDB8}
	EndGlobalSection
EndGlobal
